
Microsoft Visual Studio Solution File, Format Version 12.00
# Visual Studio Version 16
VisualStudioVersion = 16.0.30907.101
MinimumVisualStudioVersion = 10.0.40219.1
Project("{888888A0-9F3D-457C-B088-3A5042F75D52}") = "intagram_cracker", "intagram_cracker.pyproj", "{27CAAD2A-1D79-496E-B75B-2E373459C527}"
EndProject
Global
	GlobalSection(SolutionConfigurationPlatforms) = preSolution
		Debug|Any CPU = Debug|Any CPU
		Release|Any CPU = Release|Any CPU
	EndGlobalSection
	GlobalSection(ProjectConfigurationPlatforms) = postSolution
		{27CAAD2A-1D79-496E-B75B-2E373459C527}.Debug|Any CPU.ActiveCfg = Debug|Any CPU
		{27CAAD2A-1D79-496E-B75B-2E373459C527}.Release|Any CPU.ActiveCfg = Release|Any CPU
	EndGlobalSection
	GlobalSection(SolutionProperties) = preSolution
		HideSolutionNode = FALSE
	EndGlobalSection
	GlobalSection(ExtensibilityGlobals) = postSolution
		SolutionGuid = {B10CD74B-F83E-4CB3-87EB-DF5A9EF6D7B5}
	EndGlobalSection
EndGlobal
