
Microsoft Visual Studio Solution File, Format Version 12.00
# Visual Studio Version 16
VisualStudioVersion = 16.0.30907.101
MinimumVisualStudioVersion = 10.0.40219.1
Project("{888888A0-9F3D-457C-B088-3A5042F75D52}") = "RECURSION", "RECURSION.pyproj", "{3ED1EB69-7FA5-451F-9518-2D406F374AA6}"
EndProject
Global
	GlobalSection(SolutionConfigurationPlatforms) = preSolution
		Debug|Any CPU = Debug|Any CPU
		Release|Any CPU = Release|Any CPU
	EndGlobalSection
	GlobalSection(ProjectConfigurationPlatforms) = postSolution
		{3ED1EB69-7FA5-451F-9518-2D406F374AA6}.Debug|Any CPU.ActiveCfg = Debug|Any CPU
		{3ED1EB69-7FA5-451F-9518-2D406F374AA6}.Release|Any CPU.ActiveCfg = Release|Any CPU
	EndGlobalSection
	GlobalSection(SolutionProperties) = preSolution
		HideSolutionNode = FALSE
	EndGlobalSection
	GlobalSection(ExtensibilityGlobals) = postSolution
		SolutionGuid = {0405A721-CDB1-4A26-9A28-507B43992868}
	EndGlobalSection
EndGlobal
