
Microsoft Visual Studio Solution File, Format Version 12.00
# Visual Studio Version 16
VisualStudioVersion = 16.0.30907.101
MinimumVisualStudioVersion = 10.0.40219.1
Project("{888888A0-9F3D-457C-B088-3A5042F75D52}") = "merge_sort", "merge_sort.pyproj", "{589B60B2-1D64-44B7-99E5-F1B3AF79A1DD}"
EndProject
Global
	GlobalSection(SolutionConfigurationPlatforms) = preSolution
		Debug|Any CPU = Debug|Any CPU
		Release|Any CPU = Release|Any CPU
	EndGlobalSection
	GlobalSection(ProjectConfigurationPlatforms) = postSolution
		{589B60B2-1D64-44B7-99E5-F1B3AF79A1DD}.Debug|Any CPU.ActiveCfg = Debug|Any CPU
		{589B60B2-1D64-44B7-99E5-F1B3AF79A1DD}.Release|Any CPU.ActiveCfg = Release|Any CPU
	EndGlobalSection
	GlobalSection(SolutionProperties) = preSolution
		HideSolutionNode = FALSE
	EndGlobalSection
	GlobalSection(ExtensibilityGlobals) = postSolution
		SolutionGuid = {736231D2-61EF-4EB5-B05E-6611EA065E3F}
	EndGlobalSection
EndGlobal
