
Microsoft Visual Studio Solution File, Format Version 12.00
# Visual Studio Version 16
VisualStudioVersion = 16.0.30907.101
MinimumVisualStudioVersion = 10.0.40219.1
Project("{888888A0-9F3D-457C-B088-3A5042F75D52}") = "numToString", "numToString.pyproj", "{DB64B696-E965-4253-96E5-8F4752A69395}"
EndProject
Global
	GlobalSection(SolutionConfigurationPlatforms) = preSolution
		Debug|Any CPU = Debug|Any CPU
		Release|Any CPU = Release|Any CPU
	EndGlobalSection
	GlobalSection(ProjectConfigurationPlatforms) = postSolution
		{DB64B696-E965-4253-96E5-8F4752A69395}.Debug|Any CPU.ActiveCfg = Debug|Any CPU
		{DB64B696-E965-4253-96E5-8F4752A69395}.Release|Any CPU.ActiveCfg = Release|Any CPU
	EndGlobalSection
	GlobalSection(SolutionProperties) = preSolution
		HideSolutionNode = FALSE
	EndGlobalSection
	GlobalSection(ExtensibilityGlobals) = postSolution
		SolutionGuid = {91EBEBDE-808D-4A89-A049-14EB1D9CD298}
	EndGlobalSection
EndGlobal
