
Microsoft Visual Studio Solution File, Format Version 12.00
# Visual Studio Version 16
VisualStudioVersion = 16.0.30907.101
MinimumVisualStudioVersion = 10.0.40219.1
Project("{888888A0-9F3D-457C-B088-3A5042F75D52}") = "art_thief_algorithm", "art_thief_algorithm.pyproj", "{5D716504-F0A3-41DF-BB4C-9B496DD16859}"
EndProject
Global
	GlobalSection(SolutionConfigurationPlatforms) = preSolution
		Debug|Any CPU = Debug|Any CPU
		Release|Any CPU = Release|Any CPU
	EndGlobalSection
	GlobalSection(ProjectConfigurationPlatforms) = postSolution
		{5D716504-F0A3-41DF-BB4C-9B496DD16859}.Debug|Any CPU.ActiveCfg = Debug|Any CPU
		{5D716504-F0A3-41DF-BB4C-9B496DD16859}.Release|Any CPU.ActiveCfg = Release|Any CPU
	EndGlobalSection
	GlobalSection(SolutionProperties) = preSolution
		HideSolutionNode = FALSE
	EndGlobalSection
	GlobalSection(ExtensibilityGlobals) = postSolution
		SolutionGuid = {2A8598F7-457A-4DDF-9573-6258CF76396A}
	EndGlobalSection
EndGlobal
