
Microsoft Visual Studio Solution File, Format Version 12.00
# Visual Studio Version 16
VisualStudioVersion = 16.0.30907.101
MinimumVisualStudioVersion = 10.0.40219.1
Project("{888888A0-9F3D-457C-B088-3A5042F75D52}") = "html_checker", "html_checker.pyproj", "{F2934DA7-FF0F-454A-A480-005A67149D33}"
EndProject
Global
	GlobalSection(SolutionConfigurationPlatforms) = preSolution
		Debug|Any CPU = Debug|Any CPU
		Release|Any CPU = Release|Any CPU
	EndGlobalSection
	GlobalSection(ProjectConfigurationPlatforms) = postSolution
		{F2934DA7-FF0F-454A-A480-005A67149D33}.Debug|Any CPU.ActiveCfg = Debug|Any CPU
		{F2934DA7-FF0F-454A-A480-005A67149D33}.Release|Any CPU.ActiveCfg = Release|Any CPU
	EndGlobalSection
	GlobalSection(SolutionProperties) = preSolution
		HideSolutionNode = FALSE
	EndGlobalSection
	GlobalSection(ExtensibilityGlobals) = postSolution
		SolutionGuid = {22DCDD3F-FC56-4008-8295-22E4F862323E}
	EndGlobalSection
EndGlobal
