
Microsoft Visual Studio Solution File, Format Version 12.00
# Visual Studio Version 16
VisualStudioVersion = 16.0.30907.101
MinimumVisualStudioVersion = 10.0.40219.1
Project("{888888A0-9F3D-457C-B088-3A5042F75D52}") = "ADT", "ADT.pyproj", "{4A6FFD1D-7653-45BB-9068-46E3A308FC41}"
EndProject
Global
	GlobalSection(SolutionConfigurationPlatforms) = preSolution
		Debug|Any CPU = Debug|Any CPU
		Release|Any CPU = Release|Any CPU
	EndGlobalSection
	GlobalSection(ProjectConfigurationPlatforms) = postSolution
		{4A6FFD1D-7653-45BB-9068-46E3A308FC41}.Debug|Any CPU.ActiveCfg = Debug|Any CPU
		{4A6FFD1D-7653-45BB-9068-46E3A308FC41}.Release|Any CPU.ActiveCfg = Release|Any CPU
	EndGlobalSection
	GlobalSection(SolutionProperties) = preSolution
		HideSolutionNode = FALSE
	EndGlobalSection
	GlobalSection(ExtensibilityGlobals) = postSolution
		SolutionGuid = {8CBB8F22-7621-493F-8917-50969CF225B2}
	EndGlobalSection
EndGlobal
