
Microsoft Visual Studio Solution File, Format Version 12.00
# Visual Studio Version 16
VisualStudioVersion = 16.0.30907.101
MinimumVisualStudioVersion = 10.0.40219.1
Project("{888888A0-9F3D-457C-B088-3A5042F75D52}") = "hash_table", "hash_table.pyproj", "{E1D7050B-ACEE-4268-A023-5F8D0A931A26}"
EndProject
Global
	GlobalSection(SolutionConfigurationPlatforms) = preSolution
		Debug|Any CPU = Debug|Any CPU
		Release|Any CPU = Release|Any CPU
	EndGlobalSection
	GlobalSection(ProjectConfigurationPlatforms) = postSolution
		{E1D7050B-ACEE-4268-A023-5F8D0A931A26}.Debug|Any CPU.ActiveCfg = Debug|Any CPU
		{E1D7050B-ACEE-4268-A023-5F8D0A931A26}.Release|Any CPU.ActiveCfg = Release|Any CPU
	EndGlobalSection
	GlobalSection(SolutionProperties) = preSolution
		HideSolutionNode = FALSE
	EndGlobalSection
	GlobalSection(ExtensibilityGlobals) = postSolution
		SolutionGuid = {C71BC7A2-A750-42B8-8FC0-75DA048D27F6}
	EndGlobalSection
EndGlobal
