
Microsoft Visual Studio Solution File, Format Version 12.00
# Visual Studio Version 16
VisualStudioVersion = 16.0.30907.101
MinimumVisualStudioVersion = 10.0.40219.1
Project("{888888A0-9F3D-457C-B088-3A5042F75D52}") = "water_jug_problem", "water_jug_problem.pyproj", "{8AA74DD7-593A-4A0C-AE78-78DA5D5F38D3}"
EndProject
Global
	GlobalSection(SolutionConfigurationPlatforms) = preSolution
		Debug|Any CPU = Debug|Any CPU
		Release|Any CPU = Release|Any CPU
	EndGlobalSection
	GlobalSection(ProjectConfigurationPlatforms) = postSolution
		{8AA74DD7-593A-4A0C-AE78-78DA5D5F38D3}.Debug|Any CPU.ActiveCfg = Debug|Any CPU
		{8AA74DD7-593A-4A0C-AE78-78DA5D5F38D3}.Release|Any CPU.ActiveCfg = Release|Any CPU
	EndGlobalSection
	GlobalSection(SolutionProperties) = preSolution
		HideSolutionNode = FALSE
	EndGlobalSection
	GlobalSection(ExtensibilityGlobals) = postSolution
		SolutionGuid = {2747028D-917C-4F66-B2CA-DB8C3B7CC605}
	EndGlobalSection
EndGlobal
